<?xml version="1.0" encoding="utf-8"?>
<Project ToolsVersion="4.0" xmlns="http://schemas.microsoft.com/developer/msbuild/2003">
  <ItemGroup>
    <Filter Include="소스 파일">
      <UniqueIdentifier>{4FC737F1-C7A5-4376-A066-2A32D752A2FF}</UniqueIdentifier>
      <Extensions>cpp;c;cc;cxx;def;odl;idl;hpj;bat;asm;asmx</Extensions>
    </Filter>
    <Filter Include="헤더 파일">
      <UniqueIdentifier>{93995380-89BD-4b04-88EB-625FBE52EBFB}</UniqueIdentifier>
      <Extensions>h;hpp;hxx;hm;inl;inc;xsd</Extensions>
    </Filter>
    <Filter Include="리소스 파일">
      <UniqueIdentifier>{67DA6AB6-F800-4c08-8B7A-83BB121AAD01}</UniqueIdentifier>
      <Extensions>rc;ico;cur;bmp;dlg;rc2;rct;bin;rgs;gif;jpg;jpeg;jpe;resx;tiff;tif;png;wav;mfcribbon-ms</Extensions>
    </Filter>
    <Filter Include="Make files">
      <UniqueIdentifier>{5b6a16ab-6cb5-4878-9305-fa60d2776891}</UniqueIdentifier>
      <Extensions>*.mak</Extensions>
    </Filter>
  </ItemGroup>
  <ItemGroup>
    <ClCompile Include="src\bitpack.c">
      <Filter>소스 파일</Filter>
    </ClCompile>
    <ClCompile Include="src\decode.c">
      <Filter>소스 파일</Filter>
    </ClCompile>
    <ClCompile Include="src\info.c">
      <Filter>소스 파일</Filter>
    </ClCompile>
    <ClCompile Include="src\internal.c">
      <Filter>소스 파일</Filter>
    </ClCompile>
    <ClCompile Include="src\state.c">
      <Filter>소스 파일</Filter>
    </ClCompile>
    <ClCompile Include="src\theora_parser.c">
      <Filter>소스 파일</Filter>
    </ClCompile>
  </ItemGroup>
  <ItemGroup>
    <ClInclude Include="include\bitpack.h">
      <Filter>헤더 파일</Filter>
    </ClInclude>
    <ClInclude Include="include\codec.h">
      <Filter>헤더 파일</Filter>
    </ClInclude>
    <ClInclude Include="include\common.h">
      <Filter>헤더 파일</Filter>
    </ClInclude>
    <ClInclude Include="include\decint.h">
      <Filter>헤더 파일</Filter>
    </ClInclude>
    <ClInclude Include="include\internal.h">
      <Filter>헤더 파일</Filter>
    </ClInclude>
    <ClInclude Include="include\state.h">
      <Filter>헤더 파일</Filter>
    </ClInclude>
    <ClInclude Include="include\theora_parser.h">
      <Filter>헤더 파일</Filter>
    </ClInclude>
    <ClInclude Include="include\theoradec.h">
      <Filter>헤더 파일</Filter>
    </ClInclude>
    <ClInclude Include="include\dequant.h">
      <Filter>헤더 파일</Filter>
    </ClInclude>
    <ClInclude Include="include\huffman.h">
      <Filter>헤더 파일</Filter>
    </ClInclude>
    <ClInclude Include="include\huffdec.h">
      <Filter>헤더 파일</Filter>
    </ClInclude>
    <ClInclude Include="include\ocintrin.h">
      <Filter>헤더 파일</Filter>
    </ClInclude>
  </ItemGroup>
  <ItemGroup>
    <None Include="linux_usb_qc.mak">
      <Filter>Make files</Filter>
    </None>
    <None Include="linux_hpi_qc.mak">
      <Filter>Make files</Filter>
    </None>
    <None Include="makefile.hpi" />
    <None Include="linux_hpi_vpurun.mak">
      <Filter>Make files</Filter>
    </None>
    <None Include="Makefile_vpurun.hpi" />
  </ItemGroup>
</Project>